
Microsoft Visual Studio Solution File, Format Version 12.00
# Visual Studio Version 17
VisualStudioVersion = 17.8.34408.163
MinimumVisualStudioVersion = 10.0.40219.1
Project("{FAE04EC0-301F-11D3-BF4B-00C04F79EFBC}") = "SoApi", "SoApi.csproj", "{EB2515FF-47A0-4BFC-9EA2-E47227C1E0F8}"
EndProject
Global
	GlobalSection(SolutionConfigurationPlatforms) = preSolution
		Debug|Any CPU = Debug|Any CPU
		Release|Any CPU = Release|Any CPU
	EndGlobalSection
	GlobalSection(ProjectConfigurationPlatforms) = postSolution
		{EB2515FF-47A0-4BFC-9EA2-E47227C1E0F8}.Debug|Any CPU.ActiveCfg = Debug|Any CPU
		{EB2515FF-47A0-4BFC-9EA2-E47227C1E0F8}.Debug|Any CPU.Build.0 = Debug|Any CPU
		{EB2515FF-47A0-4BFC-9EA2-E47227C1E0F8}.Release|Any CPU.ActiveCfg = Release|Any CPU
		{EB2515FF-47A0-4BFC-9EA2-E47227C1E0F8}.Release|Any CPU.Build.0 = Release|Any CPU
	EndGlobalSection
	GlobalSection(SolutionProperties) = preSolution
		HideSolutionNode = FALSE
	EndGlobalSection
	GlobalSection(ExtensibilityGlobals) = postSolution
		SolutionGuid = {0CECF4E4-E400-4F7B-8283-535D918D1184}
	EndGlobalSection
EndGlobal
